# THIS IS AN AUTOGENERATED FILE. DO NOT EDIT THIS FILE DIRECTLY.
# yarn lockfile v1


"@jbx-protocol/juice-contracts-v3@^3.1.2":
  version "3.1.2"
  resolved "https://registry.yarnpkg.com/@jbx-protocol/juice-contracts-v3/-/juice-contracts-v3-3.1.2.tgz#9d7ee2aa394f9334f4c704a8cf78acdaf57fad0b"
  integrity sha512-s9lDzTKfDk5MDWhIq8piguoD5AT2FPP4KC2HdGYe2IGq/sQCONTg4sBRHJ9NyB8XLruFuhWsWSqzy26ntZseSg==

"@openzeppelin/contracts@^4.9.2":
  version "4.9.2"
  resolved "https://registry.yarnpkg.com/@openzeppelin/contracts/-/contracts-4.9.2.tgz#1cb2d5e4d3360141a17dbc45094a8cad6aac16c1"
  integrity sha512-mO+y6JaqXjWeMh9glYVzVu8HYPGknAAnWyxTRhGeckOruyXQMNnlcW6w/Dx9ftLeIQk6N+ZJFuVmTwF7lEIFrg==

"@prb/math@^4.0.1":
  version "4.0.1"
  resolved "https://registry.yarnpkg.com/@prb/math/-/math-4.0.1.tgz#bc90277f4f1c085c973f502455bf12c2b3b67666"
  integrity sha512-ANTz2KMV+dMdZ57mWgDTR6jZo5uQzUczQEHCxd7CvJZZ9yafnfPhUUILHvvigIOZ85fZbTPVkC8YoRG1z5Qf7g==
